
Microsoft Visual Studio Solution File, Format Version 12.00
# Visual Studio Version 17
VisualStudioVersion = 17.1.32407.343
MinimumVisualStudioVersion = 10.0.40219.1
Project("{FAE04EC0-301F-11D3-BF4B-00C04F79EFBC}") = "Entity-task", "Entity-task\Entity-task.csproj", "{542020A7-6B0F-4F4D-ADA3-0FE87A547937}"
EndProject
Global
	GlobalSection(SolutionConfigurationPlatforms) = preSolution
		Debug|Any CPU = Debug|Any CPU
		Release|Any CPU = Release|Any CPU
	EndGlobalSection
	GlobalSection(ProjectConfigurationPlatforms) = postSolution
		{542020A7-6B0F-4F4D-ADA3-0FE87A547937}.Debug|Any CPU.ActiveCfg = Debug|Any CPU
		{542020A7-6B0F-4F4D-ADA3-0FE87A547937}.Debug|Any CPU.Build.0 = Debug|Any CPU
		{542020A7-6B0F-4F4D-ADA3-0FE87A547937}.Release|Any CPU.ActiveCfg = Release|Any CPU
		{542020A7-6B0F-4F4D-ADA3-0FE87A547937}.Release|Any CPU.Build.0 = Release|Any CPU
	EndGlobalSection
	GlobalSection(SolutionProperties) = preSolution
		HideSolutionNode = FALSE
	EndGlobalSection
	GlobalSection(ExtensibilityGlobals) = postSolution
		SolutionGuid = {6C990C67-7528-46B7-AA7E-4DEEB7A22E19}
	EndGlobalSection
EndGlobal
